
Microsoft Visual Studio Solution File, Format Version 12.00
# Visual Studio Version 16
VisualStudioVersion = 16.0.30523.141
MinimumVisualStudioVersion = 10.0.40219.1
Project("{9A19103F-16F7-4668-BE54-9A1E7A4F7556}") = "Domain", "Domain\Domain.csproj", "{C112F89E-03A6-4FCA-B843-CE0CFBFACF92}"
EndProject
Project("{9A19103F-16F7-4668-BE54-9A1E7A4F7556}") = "Service", "Service\Service.csproj", "{1D2D03E5-9DBE-4553-B6FF-5F7AAC9E5CDC}"
EndProject
Project("{9A19103F-16F7-4668-BE54-9A1E7A4F7556}") = "TCPComm", "TCPComm\TCPComm.csproj", "{053AB616-0C75-4C06-9423-A5C29D2A88D3}"
EndProject
Project("{9A19103F-16F7-4668-BE54-9A1E7A4F7556}") = "DataAccess", "..\DataAccess\DataAccess.csproj", "{A1B7287C-27F3-451F-8967-EB8C04955C55}"
EndProject
Project("{FAE04EC0-301F-11D3-BF4B-00C04F79EFBC}") = "FileClient", "FileClient\FileClient.csproj", "{8F1F6980-E0F5-4582-96A9-2D69B73278A1}"
EndProject
Project("{FAE04EC0-301F-11D3-BF4B-00C04F79EFBC}") = "FileServer", "FileServer\FileServer.csproj", "{E487946E-32A2-42D0-994A-CEB391CFF20E}"
EndProject
Global
	GlobalSection(SolutionConfigurationPlatforms) = preSolution
		Debug|Any CPU = Debug|Any CPU
		Release|Any CPU = Release|Any CPU
	EndGlobalSection
	GlobalSection(ProjectConfigurationPlatforms) = postSolution
		{C112F89E-03A6-4FCA-B843-CE0CFBFACF92}.Debug|Any CPU.ActiveCfg = Debug|Any CPU
		{C112F89E-03A6-4FCA-B843-CE0CFBFACF92}.Debug|Any CPU.Build.0 = Debug|Any CPU
		{C112F89E-03A6-4FCA-B843-CE0CFBFACF92}.Release|Any CPU.ActiveCfg = Release|Any CPU
		{C112F89E-03A6-4FCA-B843-CE0CFBFACF92}.Release|Any CPU.Build.0 = Release|Any CPU
		{1D2D03E5-9DBE-4553-B6FF-5F7AAC9E5CDC}.Debug|Any CPU.ActiveCfg = Debug|Any CPU
		{1D2D03E5-9DBE-4553-B6FF-5F7AAC9E5CDC}.Debug|Any CPU.Build.0 = Debug|Any CPU
		{1D2D03E5-9DBE-4553-B6FF-5F7AAC9E5CDC}.Release|Any CPU.ActiveCfg = Release|Any CPU
		{1D2D03E5-9DBE-4553-B6FF-5F7AAC9E5CDC}.Release|Any CPU.Build.0 = Release|Any CPU
		{053AB616-0C75-4C06-9423-A5C29D2A88D3}.Debug|Any CPU.ActiveCfg = Debug|Any CPU
		{053AB616-0C75-4C06-9423-A5C29D2A88D3}.Debug|Any CPU.Build.0 = Debug|Any CPU
		{053AB616-0C75-4C06-9423-A5C29D2A88D3}.Release|Any CPU.ActiveCfg = Release|Any CPU
		{053AB616-0C75-4C06-9423-A5C29D2A88D3}.Release|Any CPU.Build.0 = Release|Any CPU
		{A1B7287C-27F3-451F-8967-EB8C04955C55}.Debug|Any CPU.ActiveCfg = Debug|Any CPU
		{A1B7287C-27F3-451F-8967-EB8C04955C55}.Debug|Any CPU.Build.0 = Debug|Any CPU
		{A1B7287C-27F3-451F-8967-EB8C04955C55}.Release|Any CPU.ActiveCfg = Release|Any CPU
		{A1B7287C-27F3-451F-8967-EB8C04955C55}.Release|Any CPU.Build.0 = Release|Any CPU
		{8F1F6980-E0F5-4582-96A9-2D69B73278A1}.Debug|Any CPU.ActiveCfg = Debug|Any CPU
		{8F1F6980-E0F5-4582-96A9-2D69B73278A1}.Debug|Any CPU.Build.0 = Debug|Any CPU
		{8F1F6980-E0F5-4582-96A9-2D69B73278A1}.Release|Any CPU.ActiveCfg = Release|Any CPU
		{8F1F6980-E0F5-4582-96A9-2D69B73278A1}.Release|Any CPU.Build.0 = Release|Any CPU
		{E487946E-32A2-42D0-994A-CEB391CFF20E}.Debug|Any CPU.ActiveCfg = Debug|Any CPU
		{E487946E-32A2-42D0-994A-CEB391CFF20E}.Debug|Any CPU.Build.0 = Debug|Any CPU
		{E487946E-32A2-42D0-994A-CEB391CFF20E}.Release|Any CPU.ActiveCfg = Release|Any CPU
		{E487946E-32A2-42D0-994A-CEB391CFF20E}.Release|Any CPU.Build.0 = Release|Any CPU
	EndGlobalSection
	GlobalSection(SolutionProperties) = preSolution
		HideSolutionNode = FALSE
	EndGlobalSection
	GlobalSection(ExtensibilityGlobals) = postSolution
		SolutionGuid = {7943A75F-B583-443B-8053-F086DFE9EFAA}
	EndGlobalSection
EndGlobal
