
Microsoft Visual Studio Solution File, Format Version 12.00
# Visual Studio Version 16
VisualStudioVersion = 16.0.30523.141
MinimumVisualStudioVersion = 10.0.40219.1
Project("{9A19103F-16F7-4668-BE54-9A1E7A4F7556}") = "Domain", "Domain\Domain.csproj", "{C112F89E-03A6-4FCA-B843-CE0CFBFACF92}"
EndProject
Project("{9A19103F-16F7-4668-BE54-9A1E7A4F7556}") = "TCPComm", "TCPComm\TCPComm.csproj", "{053AB616-0C75-4C06-9423-A5C29D2A88D3}"
EndProject
Project("{9A19103F-16F7-4668-BE54-9A1E7A4F7556}") = "FileClient", "FileClient\FileClient.csproj", "{8F1F6980-E0F5-4582-96A9-2D69B73278A1}"
EndProject
Project("{9A19103F-16F7-4668-BE54-9A1E7A4F7556}") = "Repositories", "DataAccess\Repositories.csproj", "{AE352867-B5A6-44CD-9189-1A54A3E0D9BB}"
EndProject
Project("{9A19103F-16F7-4668-BE54-9A1E7A4F7556}") = "Server", "Servidor\Server.csproj", "{2449987E-A6F3-4C75-AA4B-C467751D9971}"
EndProject
Project("{9A19103F-16F7-4668-BE54-9A1E7A4F7556}") = "WebApiAdmin", "WebApiAdmin\WebApiAdmin.csproj", "{500C67FC-93BF-4BF8-851C-6E85536C1043}"
EndProject
Project("{9A19103F-16F7-4668-BE54-9A1E7A4F7556}") = "Services", "Services\Services.csproj", "{A6FA45B0-D3F6-4B39-9B3D-92B2F30D088D}"
EndProject
Project("{FAE04EC0-301F-11D3-BF4B-00C04F79EFBC}") = "WebApiLogs", "WebApiLogs\WebApiLogs.csproj", "{CFA8F53C-A961-454F-A760-A8806124F364}"
EndProject
Global
	GlobalSection(SolutionConfigurationPlatforms) = preSolution
		Debug|Any CPU = Debug|Any CPU
		InstaPhoto|Any CPU = InstaPhoto|Any CPU
		Release|Any CPU = Release|Any CPU
	EndGlobalSection
	GlobalSection(ProjectConfigurationPlatforms) = postSolution
		{C112F89E-03A6-4FCA-B843-CE0CFBFACF92}.Debug|Any CPU.ActiveCfg = Debug|Any CPU
		{C112F89E-03A6-4FCA-B843-CE0CFBFACF92}.Debug|Any CPU.Build.0 = Debug|Any CPU
		{C112F89E-03A6-4FCA-B843-CE0CFBFACF92}.InstaPhoto|Any CPU.ActiveCfg = InstaPhoto|Any CPU
		{C112F89E-03A6-4FCA-B843-CE0CFBFACF92}.InstaPhoto|Any CPU.Build.0 = InstaPhoto|Any CPU
		{C112F89E-03A6-4FCA-B843-CE0CFBFACF92}.Release|Any CPU.ActiveCfg = Release|Any CPU
		{C112F89E-03A6-4FCA-B843-CE0CFBFACF92}.Release|Any CPU.Build.0 = Release|Any CPU
		{053AB616-0C75-4C06-9423-A5C29D2A88D3}.Debug|Any CPU.ActiveCfg = Debug|Any CPU
		{053AB616-0C75-4C06-9423-A5C29D2A88D3}.Debug|Any CPU.Build.0 = Debug|Any CPU
		{053AB616-0C75-4C06-9423-A5C29D2A88D3}.InstaPhoto|Any CPU.ActiveCfg = InstaPhoto|Any CPU
		{053AB616-0C75-4C06-9423-A5C29D2A88D3}.InstaPhoto|Any CPU.Build.0 = InstaPhoto|Any CPU
		{053AB616-0C75-4C06-9423-A5C29D2A88D3}.Release|Any CPU.ActiveCfg = Release|Any CPU
		{053AB616-0C75-4C06-9423-A5C29D2A88D3}.Release|Any CPU.Build.0 = Release|Any CPU
		{8F1F6980-E0F5-4582-96A9-2D69B73278A1}.Debug|Any CPU.ActiveCfg = Debug|Any CPU
		{8F1F6980-E0F5-4582-96A9-2D69B73278A1}.Debug|Any CPU.Build.0 = Debug|Any CPU
		{8F1F6980-E0F5-4582-96A9-2D69B73278A1}.InstaPhoto|Any CPU.ActiveCfg = InstaPhoto|Any CPU
		{8F1F6980-E0F5-4582-96A9-2D69B73278A1}.InstaPhoto|Any CPU.Build.0 = InstaPhoto|Any CPU
		{8F1F6980-E0F5-4582-96A9-2D69B73278A1}.Release|Any CPU.ActiveCfg = Release|Any CPU
		{8F1F6980-E0F5-4582-96A9-2D69B73278A1}.Release|Any CPU.Build.0 = Release|Any CPU
		{AE352867-B5A6-44CD-9189-1A54A3E0D9BB}.Debug|Any CPU.ActiveCfg = Debug|Any CPU
		{AE352867-B5A6-44CD-9189-1A54A3E0D9BB}.Debug|Any CPU.Build.0 = Debug|Any CPU
		{AE352867-B5A6-44CD-9189-1A54A3E0D9BB}.InstaPhoto|Any CPU.ActiveCfg = InstaPhoto|Any CPU
		{AE352867-B5A6-44CD-9189-1A54A3E0D9BB}.InstaPhoto|Any CPU.Build.0 = InstaPhoto|Any CPU
		{AE352867-B5A6-44CD-9189-1A54A3E0D9BB}.Release|Any CPU.ActiveCfg = Release|Any CPU
		{AE352867-B5A6-44CD-9189-1A54A3E0D9BB}.Release|Any CPU.Build.0 = Release|Any CPU
		{2449987E-A6F3-4C75-AA4B-C467751D9971}.Debug|Any CPU.ActiveCfg = Debug|Any CPU
		{2449987E-A6F3-4C75-AA4B-C467751D9971}.Debug|Any CPU.Build.0 = Debug|Any CPU
		{2449987E-A6F3-4C75-AA4B-C467751D9971}.InstaPhoto|Any CPU.ActiveCfg = InstaPhoto|Any CPU
		{2449987E-A6F3-4C75-AA4B-C467751D9971}.InstaPhoto|Any CPU.Build.0 = InstaPhoto|Any CPU
		{2449987E-A6F3-4C75-AA4B-C467751D9971}.Release|Any CPU.ActiveCfg = Release|Any CPU
		{2449987E-A6F3-4C75-AA4B-C467751D9971}.Release|Any CPU.Build.0 = Release|Any CPU
		{500C67FC-93BF-4BF8-851C-6E85536C1043}.Debug|Any CPU.ActiveCfg = Debug|Any CPU
		{500C67FC-93BF-4BF8-851C-6E85536C1043}.Debug|Any CPU.Build.0 = Debug|Any CPU
		{500C67FC-93BF-4BF8-851C-6E85536C1043}.InstaPhoto|Any CPU.ActiveCfg = Release|Any CPU
		{500C67FC-93BF-4BF8-851C-6E85536C1043}.InstaPhoto|Any CPU.Build.0 = Release|Any CPU
		{500C67FC-93BF-4BF8-851C-6E85536C1043}.Release|Any CPU.ActiveCfg = Release|Any CPU
		{500C67FC-93BF-4BF8-851C-6E85536C1043}.Release|Any CPU.Build.0 = Release|Any CPU
		{A6FA45B0-D3F6-4B39-9B3D-92B2F30D088D}.Debug|Any CPU.ActiveCfg = Debug|Any CPU
		{A6FA45B0-D3F6-4B39-9B3D-92B2F30D088D}.Debug|Any CPU.Build.0 = Debug|Any CPU
		{A6FA45B0-D3F6-4B39-9B3D-92B2F30D088D}.InstaPhoto|Any CPU.ActiveCfg = Release|Any CPU
		{A6FA45B0-D3F6-4B39-9B3D-92B2F30D088D}.InstaPhoto|Any CPU.Build.0 = Release|Any CPU
		{A6FA45B0-D3F6-4B39-9B3D-92B2F30D088D}.Release|Any CPU.ActiveCfg = Release|Any CPU
		{A6FA45B0-D3F6-4B39-9B3D-92B2F30D088D}.Release|Any CPU.Build.0 = Release|Any CPU
		{CFA8F53C-A961-454F-A760-A8806124F364}.Debug|Any CPU.ActiveCfg = Debug|Any CPU
		{CFA8F53C-A961-454F-A760-A8806124F364}.Debug|Any CPU.Build.0 = Debug|Any CPU
		{CFA8F53C-A961-454F-A760-A8806124F364}.InstaPhoto|Any CPU.ActiveCfg = Release|Any CPU
		{CFA8F53C-A961-454F-A760-A8806124F364}.InstaPhoto|Any CPU.Build.0 = Release|Any CPU
		{CFA8F53C-A961-454F-A760-A8806124F364}.Release|Any CPU.ActiveCfg = Release|Any CPU
		{CFA8F53C-A961-454F-A760-A8806124F364}.Release|Any CPU.Build.0 = Release|Any CPU
	EndGlobalSection
	GlobalSection(SolutionProperties) = preSolution
		HideSolutionNode = FALSE
	EndGlobalSection
	GlobalSection(ExtensibilityGlobals) = postSolution
		SolutionGuid = {7943A75F-B583-443B-8053-F086DFE9EFAA}
	EndGlobalSection
EndGlobal
